
Microsoft Visual Studio Solution File, Format Version 12.00
# Visual Studio Version 16
VisualStudioVersion = 16.0.32602.291
MinimumVisualStudioVersion = 10.0.40219.1
Project("{9A19103F-16F7-4668-BE54-9A1E7A4F7556}") = "WebAPI_fetch_from_DB", "WebAPI_fetch_from_DB\WebAPI_fetch_from_DB.csproj", "{0691B51B-A81A-4C10-8CAE-61A9508AA8FE}"
EndProject
Global
	GlobalSection(SolutionConfigurationPlatforms) = preSolution
		Debug|Any CPU = Debug|Any CPU
		Release|Any CPU = Release|Any CPU
	EndGlobalSection
	GlobalSection(ProjectConfigurationPlatforms) = postSolution
		{0691B51B-A81A-4C10-8CAE-61A9508AA8FE}.Debug|Any CPU.ActiveCfg = Debug|Any CPU
		{0691B51B-A81A-4C10-8CAE-61A9508AA8FE}.Debug|Any CPU.Build.0 = Debug|Any CPU
		{0691B51B-A81A-4C10-8CAE-61A9508AA8FE}.Release|Any CPU.ActiveCfg = Release|Any CPU
		{0691B51B-A81A-4C10-8CAE-61A9508AA8FE}.Release|Any CPU.Build.0 = Release|Any CPU
	EndGlobalSection
	GlobalSection(SolutionProperties) = preSolution
		HideSolutionNode = FALSE
	EndGlobalSection
	GlobalSection(ExtensibilityGlobals) = postSolution
		SolutionGuid = {08396E8A-3193-43DB-8EA2-2B0B922FC685}
	EndGlobalSection
EndGlobal
